
Microsoft Visual Studio Solution File, Format Version 12.00
# Visual Studio 2015
Project("{FAE04EC0-301F-11D3-BF4B-00C04F79EFBC}") = "UITabView", "UITabView.csproj", "{7F975820-F0E7-927D-6796-9C65DF0CB73D}"
EndProject
Project("{FAE04EC0-301F-11D3-BF4B-00C04F79EFBC}") = "UITabView.Editor", "UITabView.Editor.csproj", "{28D82E4A-A9C6-674D-8CEE-ECDEE82D4692}"
EndProject
Global
	GlobalSection(SolutionConfigurationPlatforms) = preSolution
		Debug|Any CPU = Debug|Any CPU
		Release|Any CPU = Release|Any CPU
	EndGlobalSection
	GlobalSection(ProjectConfigurationPlatforms) = postSolution
		{7F975820-F0E7-927D-6796-9C65DF0CB73D}.Debug|Any CPU.ActiveCfg = Debug|Any CPU
		{7F975820-F0E7-927D-6796-9C65DF0CB73D}.Debug|Any CPU.Build.0 = Debug|Any CPU
		{7F975820-F0E7-927D-6796-9C65DF0CB73D}.Release|Any CPU.ActiveCfg = Release|Any CPU
		{7F975820-F0E7-927D-6796-9C65DF0CB73D}.Release|Any CPU.Build.0 = Release|Any CPU
		{28D82E4A-A9C6-674D-8CEE-ECDEE82D4692}.Debug|Any CPU.ActiveCfg = Debug|Any CPU
		{28D82E4A-A9C6-674D-8CEE-ECDEE82D4692}.Debug|Any CPU.Build.0 = Debug|Any CPU
		{28D82E4A-A9C6-674D-8CEE-ECDEE82D4692}.Release|Any CPU.ActiveCfg = Release|Any CPU
		{28D82E4A-A9C6-674D-8CEE-ECDEE82D4692}.Release|Any CPU.Build.0 = Release|Any CPU
	EndGlobalSection
	GlobalSection(SolutionProperties) = preSolution
		HideSolutionNode = FALSE
	EndGlobalSection
EndGlobal
